
Microsoft Visual Studio Solution File, Format Version 12.00
Project("{FAE04EC0-301F-11D3-BF4B-00C04F79EFBC}") = "MagicVilla_API", "MagicVilla_API\MagicVilla_API.csproj", "{300BA97B-5BC6-4249-BDC8-7013B6C3B583}"
EndProject
Global
	GlobalSection(SolutionConfigurationPlatforms) = preSolution
		Debug|Any CPU = Debug|Any CPU
		Release|Any CPU = Release|Any CPU
	EndGlobalSection
	GlobalSection(ProjectConfigurationPlatforms) = postSolution
		{300BA97B-5BC6-4249-BDC8-7013B6C3B583}.Debug|Any CPU.ActiveCfg = Debug|Any CPU
		{300BA97B-5BC6-4249-BDC8-7013B6C3B583}.Debug|Any CPU.Build.0 = Debug|Any CPU
		{300BA97B-5BC6-4249-BDC8-7013B6C3B583}.Release|Any CPU.ActiveCfg = Release|Any CPU
		{300BA97B-5BC6-4249-BDC8-7013B6C3B583}.Release|Any CPU.Build.0 = Release|Any CPU
	EndGlobalSection
EndGlobal
